// !$*UTF8*$!
{
	archiveVersion = 1;
	classes = {
	};
	objectVersion = 46;
	objects = {

/* Begin PBXBuildFile section */
		4D717DA31D7EC0C2009E33C1 /* StartViewController.swift in Sources */ = {isa = PBXBuildFile; fileRef = 4D717DA21D7EC0C2009E33C1 /* StartViewController.swift */; settings = {ASSET_TAGS = (); }; };
		4D754D921D77B945008A48C9 /* AppDelegate.swift in Sources */ = {isa = PBXBuildFile; fileRef = 4D754D911D77B945008A48C9 /* AppDelegate.swift */; };
		4D754D941D77B945008A48C9 /* ViewController.swift in Sources */ = {isa = PBXBuildFile; fileRef = 4D754D931D77B945008A48C9 /* ViewController.swift */; };
		4D754D971D77B945008A48C9 /* Main.storyboard in Resources */ = {isa = PBXBuildFile; fileRef = 4D754D951D77B945008A48C9 /* Main.storyboard */; };
		4D754D991D77B945008A48C9 /* Assets.xcassets in Resources */ = {isa = PBXBuildFile; fileRef = 4D754D981D77B945008A48C9 /* Assets.xcassets */; };
		4D754D9C1D77B945008A48C9 /* LaunchScreen.storyboard in Resources */ = {isa = PBXBuildFile; fileRef = 4D754D9A1D77B945008A48C9 /* LaunchScreen.storyboard */; };
/* End PBXBuildFile section */

/* Begin PBXFileReference section */
		4D717DA21D7EC0C2009E33C1 /* StartViewController.swift */ = {isa = PBXFileReference; fileEncoding = 4; lastKnownFileType = sourcecode.swift; path = StartViewController.swift; sourceTree = "<group>"; };
		4D754D8E1D77B945008A48C9 /* TraningExe6.app */ = {isa = PBXFileReference; explicitFileType = wrapper.application; includeInIndex = 0; path = TraningExe6.app; sourceTree = BUILT_PRODUCTS_DIR; };
		4D754D911D77B945008A48C9 /* AppDelegate.swift */ = {isa = PBXFileReference; lastKnownFileType = sourcecode.swift; path = AppDelegate.swift; sourceTree = "<group>"; };
		4D754D931D77B945008A48C9 /* ViewController.swift */ = {isa = PBXFileReference; lastKnownFileType = sourcecode.swift; path = ViewController.swift; sourceTree = "<group>"; };
		4D754D961D77B945008A48C9 /* Base */ = {isa = PBXFileReference; lastKnownFileType = file.storyboard; name = Base; path = Base.lproj/Main.storyboard; sourceTree = "<group>"; };
		4D754D981D77B945008A48C9 /* Assets.xcassets */ = {isa = PBXFileReference; lastKnownFileType = folder.assetcatalog; path = Assets.xcassets; sourceTree = "<group>"; };
		4D754D9B1D77B945008A48C9 /* Base */ = {isa = PBXFileReference; lastKnownFileType = file.storyboard; name = Base; path = Base.lproj/LaunchScreen.storyboard; sourceTree = "<group>"; };
		4D754D9D1D77B945008A48C9 /* Info.plist */ = {isa = PBXFileReference; lastKnownFileType = text.plist.xml; path = Info.plist; sourceTree = "<group>"; };
/* End PBXFileReference section */

/* Begin PBXFrameworksBuildPhase section */
		4D754D8B1D77B945008A48C9 /* Frameworks */ = {
			isa = PBXFrameworksBuildPhase;
			buildActionMask = 2147483647;
			files = (
			);
			runOnlyForDeploymentPostprocessing = 0;
		};
/* End PBXFrameworksBuildPhase section */

/* Begin PBXGroup section */
		4D754D851D77B945008A48C9 = {
			isa = PBXGroup;
			children = (
				4D754D901D77B945008A48C9 /* TraningExe6 */,
				4D754D8F1D77B945008A48C9 /* Products */,
			);
			sourceTree = "<group>";
		};
		4D754D8F1D77B945008A48C9 /* Products */ = {
			isa = PBXGroup;
			children = (
				4D754D8E1D77B945008A48C9 /* TraningExe6.app */,
			);
			name = Products;
			sourceTree = "<group>";
		};
		4D754D901D77B945008A48C9 /* TraningExe6 */ = {
			isa = PBXGroup;
			children = (
				4D754D911D77B945008A48C9 /* AppDelegate.swift */,
				4D754D931D77B945008A48C9 /* ViewController.swift */,
				4D717DA21D7EC0C2009E33C1 /* StartViewController.swift */,
				4D754D951D77B945008A48C9 /* Main.storyboard */,
				4D754D981D77B945008A48C9 /* Assets.xcassets */,
				4D754D9A1D77B945008A48C9 /* LaunchScreen.storyboard */,
				4D754D9D1D77B945008A48C9 /* Info.plist */,
			);
			path = TraningExe6;
			sourceTree = "<group>";
		};
/* End PBXGroup section */

/* Begin PBXNativeTarget section */
		4D754D8D1D77B945008A48C9 /* TraningExe6 */ = {
			isa = PBXNativeTarget;
			buildConfigurationList = 4D754DA01D77B945008A48C9 /* Build configuration list for PBXNativeTarget "TraningExe6" */;
			buildPhases = (
				4D754D8A1D77B945008A48C9 /* Sources */,
				4D754D8B1D77B945008A48C9 /* Frameworks */,
				4D754D8C1D77B945008A48C9 /* Resources */,
			);
			buildRules = (
			);
			dependencies = (
			);
			name = TraningExe6;
			productName = TraningExe6;
			productReference = 4D754D8E1D77B945008A48C9 /* TraningExe6.app */;
			productType = "com.apple.product-type.application";
		};
/* End PBXNativeTarget section */

/* Begin PBXProject section */
		4D754D861D77B945008A48C9 /* Project object */ = {
			isa = PBXProject;
			attributes = {
				LastUpgradeCheck = 0700;
				ORGANIZATIONNAME = HopPD;
				TargetAttributes = {
					4D754D8D1D77B945008A48C9 = {
						CreatedOnToolsVersion = 7.0.1;
						DevelopmentTeam = SF54JXPY77;
					};
				};
			};
			buildConfigurationList = 4D754D891D77B945008A48C9 /* Build configuration list for PBXProject "TraningExe6" */;
			compatibilityVersion = "Xcode 3.2";
			developmentRegion = English;
			hasScannedForEncodings = 0;
			knownRegions = (
				en,
				Base,
			);
			mainGroup = 4D754D851D77B945008A48C9;
			productRefGroup = 4D754D8F1D77B945008A48C9 /* Products */;
			projectDirPath = "";
			projectRoot = "";
			targets = (
				4D754D8D1D77B945008A48C9 /* TraningExe6 */,
			);
		};
/* End PBXProject section */

/* Begin PBXResourcesBuildPhase section */
		4D754D8C1D77B945008A48C9 /* Resources */ = {
			isa = PBXResourcesBuildPhase;
			buildActionMask = 2147483647;
			files = (
				4D754D9C1D77B945008A48C9 /* LaunchScreen.storyboard in Resources */,
				4D754D991D77B945008A48C9 /* Assets.xcassets in Resources */,
				4D754D971D77B945008A48C9 /* Main.storyboard in Resources */,
			);
			runOnlyForDeploymentPostprocessing = 0;
		};
/* End PBXResourcesBuildPhase section */

/* Begin PBXSourcesBuildPhase section */
		4D754D8A1D77B945008A48C9 /* Sources */ = {
			isa = PBXSourcesBuildPhase;
			buildActionMask = 2147483647;
			files = (
				4D754D941D77B945008A48C9 /* ViewController.swift in Sources */,
				4D754D921D77B945008A48C9 /* AppDelegate.swift in Sources */,
				4D717DA31D7EC0C2009E33C1 /* StartViewController.swift in Sources */,
			);
			runOnlyForDeploymentPostprocessing = 0;
		};
/* End PBXSourcesBuildPhase section */

/* Begin PBXVariantGroup section */
		4D754D951D77B945008A48C9 /* Main.storyboard */ = {
			isa = PBXVariantGroup;
			children = (
				4D754D961D77B945008A48C9 /* Base */,
			);
			name = Main.storyboard;
			sourceTree = "<group>";
		};
		4D754D9A1D77B945008A48C9 /* LaunchScreen.storyboard */ = {
			isa = PBXVariantGroup;
			children = (
				4D754D9B1D77B945008A48C9 /* Base */,
			);
			name = LaunchScreen.storyboard;
			sourceTree = "<group>";
		};
/* End PBXVariantGroup section */

/* Begin XCBuildConfiguration section */
		4D754D9E1D77B945008A48C9 /* Debug */ = {
			isa = XCBuildConfiguration;
			buildSettings = {
				ALWAYS_SEARCH_USER_PATHS = NO;
				CLANG_CXX_LANGUAGE_STANDARD = "gnu++0x";
				CLANG_CXX_LIBRARY = "libc++";
				CLANG_ENABLE_MODULES = YES;
				CLANG_ENABLE_OBJC_ARC = YES;
				CLANG_WARN_BOOL_CONVERSION = YES;
				CLANG_WARN_CONSTANT_CONVERSION = YES;
				CLANG_WARN_DIRECT_OBJC_ISA_USAGE = YES_ERROR;
				CLANG_WARN_EMPTY_BODY = YES;
				CLANG_WARN_ENUM_CONVERSION = YES;
				CLANG_WARN_INT_CONVERSION = YES;
				CLANG_WARN_OBJC_ROOT_CLASS = YES_ERROR;
				CLANG_WARN_UNREACHABLE_CODE = YES;
				CLANG_WARN__DUPLICATE_METHOD_MATCH = YES;
				"CODE_SIGN_IDENTITY[sdk=iphoneos*]" = "iPhone Developer";
				COPY_PHASE_STRIP = NO;
				DEBUG_INFORMATION_FORMAT = dwarf;
				ENABLE_STRICT_OBJC_MSGSEND = YES;
				ENABLE_TESTABILITY = YES;
				GCC_C_LANGUAGE_STANDARD = gnu99;
				GCC_DYNAMIC_NO_PIC = NO;
				GCC_NO_COMMON_BLOCKS = YES;
				GCC_OPTIMIZATION_LEVEL = 0;
				GCC_PREPROCESSOR_DEFINITIONS = (
					"DEBUG=1",
					"$(inherited)",
				);
				GCC_WARN_64_TO_32_BIT_CONVERSION = YES;
				GCC_WARN_ABOUT_RETURN_TYPE = YES_ERROR;
				GCC_WARN_UNDECLARED_SELECTOR = YES;
				GCC_WARN_UNINITIALIZED_AUTOS = YES_AGGRESSIVE;
				GCC_WARN_UNUSED_FUNCTION = YES;
				GCC_WARN_UNUSED_VARIABLE = YES;
				IPHONEOS_DEPLOYMENT_TARGET = 9.0;
				MTL_ENABLE_DEBUG_INFO = YES;
				ONLY_ACTIVE_ARCH = YES;
				SDKROOT = iphoneos;
				SWIFT_OPTIMIZATION_LEVEL = "-Onone";
				TARGETED_DEVICE_FAMILY = "1,2";
			};
			name = Debug;
		};
		4D754D9F1D77B945008A48C9 /* Release */ = {
			isa = XCBuildConfiguration;
			buildSettings = {
				ALWAYS_SEARCH_USER_PATHS = NO;
				CLANG_CXX_LANGUAGE_STANDARD = "gnu++0x";
				CLANG_CXX_LIBRARY = "libc++";
				CLANG_ENABLE_MODULES = YES;
				CLANG_ENABLE_OBJC_ARC = YES;
				CLANG_WARN_BOOL_CONVERSION = YES;
				CLANG_WARN_CONSTANT_CONVERSION = YES;
				CLANG_WARN_DIRECT_OBJC_ISA_USAGE = YES_ERROR;
				CLANG_WARN_EMPTY_BODY = YES;
				CLANG_WARN_ENUM_CONVERSION = YES;
				CLANG_WARN_INT_CONVERSION = YES;
				CLANG_WARN_OBJC_ROOT_CLASS = YES_ERROR;
				CLANG_WARN_UNREACHABLE_CODE = YES;
				CLANG_WARN__DUPLICATE_METHOD_MATCH = YES;
				"CODE_SIGN_IDENTITY[sdk=iphoneos*]" = "iPhone Developer";
				COPY_PHASE_STRIP = NO;
				DEBUG_INFORMATION_FORMAT = "dwarf-with-dsym";
				ENABLE_NS_ASSERTIONS = NO;
				ENABLE_STRICT_OBJC_MSGSEND = YES;
				GCC_C_LANGUAGE_STANDARD = gnu99;
				GCC_NO_COMMON_BLOCKS = YES;
				GCC_WARN_64_TO_32_BIT_CONVERSION = YES;
				GCC_WARN_ABOUT_RETURN_TYPE = YES_ERROR;
				GCC_WARN_UNDECLARED_SELECTOR = YES;
				GCC_WARN_UNINITIALIZED_AUTOS = YES_AGGRESSIVE;
				GCC_WARN_UNUSED_FUNCTION = YES;
				GCC_WARN_UNUSED_VARIABLE = YES;
				IPHONEOS_DEPLOYMENT_TARGET = 9.0;
				MTL_ENABLE_DEBUG_INFO = NO;
				SDKROOT = iphoneos;
				TARGETED_DEVICE_FAMILY = "1,2";
				VALIDATE_PRODUCT = YES;
			};
			name = Release;
		};
		4D754DA11D77B945008A48C9 /* Debug */ = {
			isa = XCBuildConfiguration;
			buildSettings = {
				ASSETCATALOG_COMPILER_APPICON_NAME = AppIcon;
				INFOPLIST_FILE = TraningExe6/Info.plist;
				LD_RUNPATH_SEARCH_PATHS = "$(inherited) @executable_path/Frameworks";
				PRODUCT_BUNDLE_IDENTIFIER = rikkei.TraningExe6;
				PRODUCT_NAME = "$(TARGET_NAME)";
			};
			name = Debug;
		};
		4D754DA21D77B945008A48C9 /* Release */ = {
			isa = XCBuildConfiguration;
			buildSettings = {
				ASSETCATALOG_COMPILER_APPICON_NAME = AppIcon;
				INFOPLIST_FILE = TraningExe6/Info.plist;
				LD_RUNPATH_SEARCH_PATHS = "$(inherited) @executable_path/Frameworks";
				PRODUCT_BUNDLE_IDENTIFIER = rikkei.TraningExe6;
				PRODUCT_NAME = "$(TARGET_NAME)";
			};
			name = Release;
		};
/* End XCBuildConfiguration section */

/* Begin XCConfigurationList section */
		4D754D891D77B945008A48C9 /* Build configuration list for PBXProject "TraningExe6" */ = {
			isa = XCConfigurationList;
			buildConfigurations = (
				4D754D9E1D77B945008A48C9 /* Debug */,
				4D754D9F1D77B945008A48C9 /* Release */,
			);
			defaultConfigurationIsVisible = 0;
			defaultConfigurationName = Release;
		};
		4D754DA01D77B945008A48C9 /* Build configuration list for PBXNativeTarget "TraningExe6" */ = {
			isa = XCConfigurationList;
			buildConfigurations = (
				4D754DA11D77B945008A48C9 /* Debug */,
				4D754DA21D77B945008A48C9 /* Release */,
			);
			defaultConfigurationIsVisible = 0;
			defaultConfigurationName = Release;
		};
/* End XCConfigurationList section */
	};
	rootObject = 4D754D861D77B945008A48C9 /* Project object */;
}
